
Microsoft Visual Studio Solution File, Format Version 12.00
# Visual Studio Version 17
VisualStudioVersion = 17.13.35931.197 d17.13
MinimumVisualStudioVersion = 10.0.40219.1
Project("{FAE04EC0-301F-11D3-BF4B-00C04F79EFBC}") = "Autocosmos.FichasTecnicas.Web", "Autocosmos.FichasTecnicas.Web\Autocosmos.FichasTecnicas.Web.csproj", "{1FCE9C98-9F24-4EDF-A351-0E607EDA96D1}"
EndProject
Project("{FAE04EC0-301F-11D3-BF4B-00C04F79EFBC}") = "Autocosmos.FichasTecnicas.API", "Autocosmos.FichasTecnicas.API\Autocosmos.FichasTecnicas.API.csproj", "{F8F7F6AC-5D23-4FCE-A993-49967CB97817}"
EndProject
Project("{FAE04EC0-301F-11D3-BF4B-00C04F79EFBC}") = "Autocosmos.FichasTecnicas.Application", "Autocosmos.FichasTecnicas.Application\Autocosmos.FichasTecnicas.Application.csproj", "{73CFF33D-AE66-4A63-B1EA-D9D0454E556A}"
EndProject
Project("{FAE04EC0-301F-11D3-BF4B-00C04F79EFBC}") = "Autocosmos.FichasTecnicas.Core", "Autocosmos.FichasTecnicas.Core\Autocosmos.FichasTecnicas.Core.csproj", "{0D26D6F2-8235-4D9D-9090-9BDFAB97F654}"
EndProject
Project("{FAE04EC0-301F-11D3-BF4B-00C04F79EFBC}") = "Autocosmos.FichasTecnias.Infrastructure", "Autocosmos.FichasTecnias.Infrastructure\Autocosmos.FichasTecnias.Infrastructure.csproj", "{20EB128F-894C-44D7-9F76-DD56AD742926}"
EndProject
Global
	GlobalSection(SolutionConfigurationPlatforms) = preSolution
		Debug|Any CPU = Debug|Any CPU
		Release|Any CPU = Release|Any CPU
	EndGlobalSection
	GlobalSection(ProjectConfigurationPlatforms) = postSolution
		{1FCE9C98-9F24-4EDF-A351-0E607EDA96D1}.Debug|Any CPU.ActiveCfg = Debug|Any CPU
		{1FCE9C98-9F24-4EDF-A351-0E607EDA96D1}.Debug|Any CPU.Build.0 = Debug|Any CPU
		{1FCE9C98-9F24-4EDF-A351-0E607EDA96D1}.Release|Any CPU.ActiveCfg = Release|Any CPU
		{1FCE9C98-9F24-4EDF-A351-0E607EDA96D1}.Release|Any CPU.Build.0 = Release|Any CPU
		{F8F7F6AC-5D23-4FCE-A993-49967CB97817}.Debug|Any CPU.ActiveCfg = Debug|Any CPU
		{F8F7F6AC-5D23-4FCE-A993-49967CB97817}.Debug|Any CPU.Build.0 = Debug|Any CPU
		{F8F7F6AC-5D23-4FCE-A993-49967CB97817}.Release|Any CPU.ActiveCfg = Release|Any CPU
		{F8F7F6AC-5D23-4FCE-A993-49967CB97817}.Release|Any CPU.Build.0 = Release|Any CPU
		{73CFF33D-AE66-4A63-B1EA-D9D0454E556A}.Debug|Any CPU.ActiveCfg = Debug|Any CPU
		{73CFF33D-AE66-4A63-B1EA-D9D0454E556A}.Debug|Any CPU.Build.0 = Debug|Any CPU
		{73CFF33D-AE66-4A63-B1EA-D9D0454E556A}.Release|Any CPU.ActiveCfg = Release|Any CPU
		{73CFF33D-AE66-4A63-B1EA-D9D0454E556A}.Release|Any CPU.Build.0 = Release|Any CPU
		{0D26D6F2-8235-4D9D-9090-9BDFAB97F654}.Debug|Any CPU.ActiveCfg = Debug|Any CPU
		{0D26D6F2-8235-4D9D-9090-9BDFAB97F654}.Debug|Any CPU.Build.0 = Debug|Any CPU
		{0D26D6F2-8235-4D9D-9090-9BDFAB97F654}.Release|Any CPU.ActiveCfg = Release|Any CPU
		{0D26D6F2-8235-4D9D-9090-9BDFAB97F654}.Release|Any CPU.Build.0 = Release|Any CPU
		{20EB128F-894C-44D7-9F76-DD56AD742926}.Debug|Any CPU.ActiveCfg = Debug|Any CPU
		{20EB128F-894C-44D7-9F76-DD56AD742926}.Debug|Any CPU.Build.0 = Debug|Any CPU
		{20EB128F-894C-44D7-9F76-DD56AD742926}.Release|Any CPU.ActiveCfg = Release|Any CPU
		{20EB128F-894C-44D7-9F76-DD56AD742926}.Release|Any CPU.Build.0 = Release|Any CPU
	EndGlobalSection
	GlobalSection(SolutionProperties) = preSolution
		HideSolutionNode = FALSE
	EndGlobalSection
	GlobalSection(ExtensibilityGlobals) = postSolution
		SolutionGuid = {C9B92BD9-EE74-41A6-A373-31B2DA5D9401}
	EndGlobalSection
EndGlobal
